{
  "name": "sketch",
  "version": "1.0.0",
  "lockfileVersion": 3,
  "requires": true,
  "packages": {
    "": {
      "name": "sketch",
      "version": "1.0.0",
      "license": "ISC",
      "dependencies": {
        "cleave.js": "^1.6.0",
        "embla-carousel": "^8.6.0",
        "embla-carousel-auto-scroll": "^8.6.0"
      }
    },
    "node_modules/cleave.js": {
      "version": "1.6.0",
      "resolved": "https://registry.npmjs.org/cleave.js/-/cleave.js-1.6.0.tgz",
      "integrity": "sha512-ivqesy3j5hQVG3gywPfwKPbi/7ZSftY/UNp5uphnqjr25yI2CP8FS2ODQPzuLXXnNLi29e2+PgPkkiKUXLs/Nw==",
      "license": "Apache-2.0"
    },
    "node_modules/embla-carousel": {
      "version": "8.6.0",
      "resolved": "https://registry.npmjs.org/embla-carousel/-/embla-carousel-8.6.0.tgz",
      "integrity": "sha512-SjWyZBHJPbqxHOzckOfo8lHisEaJWmwd23XppYFYVh10bU66/Pn5tkVkbkCMZVdbUE5eTCI2nD8OyIP4Z+uwkA==",
      "license": "MIT"
    },
    "node_modules/embla-carousel-auto-scroll": {
      "version": "8.6.0",
      "resolved": "https://registry.npmjs.org/embla-carousel-auto-scroll/-/embla-carousel-auto-scroll-8.6.0.tgz",
      "integrity": "sha512-WT9fWhNXFpbQ6kP+aS07oF5IHYLZ1Dx4DkwgCY8Hv2ZyYd2KMCPfMV1q/cA3wFGuLO7GMgKiySLX90/pQkcOdQ==",
      "license": "MIT",
      "peerDependencies": {
        "embla-carousel": "8.6.0"
      }
    }
  }
}
